{
  "version": 4,
  "terraform_version": "1.9.8",
  "serial": 38,
  "lineage": "c2651d54-5704-e9be-fcc9-39c9c6f1b3cc",
  "outputs": {
    "caller_arn": {
      "value": {
        "account_id": "562364260873",
        "arn": "arn:aws:sts::562364260873:assumed-role/adminAccessRole/aws-go-sdk-1740967542821844000",
        "id": "562364260873",
        "user_id": "AROAYF34FUIEZ76DSSICW:aws-go-sdk-1740967542821844000"
      },
      "type": [
        "object",
        {
          "account_id": "string",
          "arn": "string",
          "id": "string",
          "user_id": "string"
        }
      ]
    },
    "eks_cluster": {
      "value": {
        "eks_info": {
          "access_config": [
            {
              "authentication_mode": "CONFIG_MAP",
              "bootstrap_cluster_creator_admin_permissions": true
            }
          ],
          "arn": "arn:aws:eks:us-west-2:562364260873:cluster/my-cluster",
          "bootstrap_self_managed_addons": true,
          "certificate_authority": [
            {
              "data": "LS0tLS1CRUdJTiBDRVJUSUZJQ0FURS0tLS0tCk1JSURCVENDQWUyZ0F3SUJBZ0lJWlgvaWhhNytoVzB3RFFZSktvWklodmNOQVFFTEJRQXdGVEVUTUJFR0ExVUUKQXhNS2EzVmlaWEp1WlhSbGN6QWVGdzB5TlRBek1ETXdNakEyTURWYUZ3MHpOVEF6TURFd01qRXhNRFZhTUJVeApFekFSQmdOVkJBTVRDbXQxWW1WeWJtVjBaWE13Z2dFaU1BMEdDU3FHU0liM0RRRUJBUVVBQTRJQkR3QXdnZ0VLCkFvSUJBUURYUzJWcDFBQWZvY1N5dUJiOWE5YnplOWFMaVJYTlpDdUJYQ3FqeTA1YmVUNG1oU3ZSZjVGdEdNL0gKRXR1YXJ4YS9GNE1ZbVhGZTUzbXBjU3BoRXdRUVV4dWY4WjJNVkpGaEFoNDBwY2tYS0p6a21NTCtnNHZXczdXNApNMTU4OVBGenl3UTF1YjRsVVhaL3kwYllBZW9uanNtVzcrL1phN2NJajRmWW9uOWFYUENQaVlKaG0vbVFYakZNCml0U2RGMmtqUGswcmloS0d6aFdhcUxUSlVLQmtsWjdBczJBSkZVRlNTQ29mblR4RlVDN3RTSEg3QWVBdjJ1bWcKdVRKQ0tUUjNEek9VOXNROU9sRW9rSUZGU2RETmo4dlB2TWVUemgzcE5ZaDVvNVdXSnNUVkI4WC9UdTBWSmVVYwp4cm1FWnFaL0sydzlqS0lPVVY4NWRMV2ZqbnBuQWdNQkFBR2pXVEJYTUE0R0ExVWREd0VCL3dRRUF3SUNwREFQCkJnTlZIUk1CQWY4RUJUQURBUUgvTUIwR0ExVWREZ1FXQkJRSVFtek9ZZkZkdUVXZFlQM3lKeTNqendtVVlEQVYKQmdOVkhSRUVEakFNZ2dwcmRXSmxjbTVsZEdWek1BMEdDU3FHU0liM0RRRUJDd1VBQTRJQkFRQVVCRXJGOWF4MgpETFlJMzBnazdOL2lONm8razRtYlNDMVBEZlY2M1pFeFFSeHRXZ1lhcnJHaXZlYmo4c00yaVNDclZsVFRuMDd6Cnp0YkJUN2xvU0EvTS9zR3hXZ0hZUHE2bHVzV1E1ZkZnUzNDeVFPbjZBSWRSSjFyYi83cmVQWGdPUkE2WGVGU3IKQzYyL2s1U2ZieElWSklOSmFEMWtNSWU5Zm1ZMm5tdWs2c0R5dENtOVVaZkk0UytaSkF5akd5dHBaNys4TkFieQptZklBcVI2RkRvZktZZE9hYkJXT0xSeUxlOHJNWmlDODczaDRKV3dkY2xUZmpVNkRRV0xxcFpMTHpCSkFMRTc1CjJjMzVCenBpWllOblZRSmkzSVFyS2t3Zm5mTHBUdDYrdHM5WitFSGU0K0VEV1Z6OWtpOC84amx6RXVmOEU1MUQKbWdiUnpWL2tqdmpXCi0tLS0tRU5EIENFUlRJRklDQVRFLS0tLS0K"
            }
          ],
          "cluster_id": null,
          "compute_config": [],
          "created_at": "2025-03-03T02:05:57Z",
          "enabled_cluster_log_types": null,
          "encryption_config": [],
          "endpoint": "https://E910054F7722243D2F1C357540B067D6.gr7.us-west-2.eks.amazonaws.com",
          "id": "my-cluster",
          "identity": [
            {
              "oidc": [
                {
                  "issuer": "https://oidc.eks.us-west-2.amazonaws.com/id/E910054F7722243D2F1C357540B067D6"
                }
              ]
            }
          ],
          "kubernetes_network_config": [
            {
              "elastic_load_balancing": [
                {
                  "enabled": false
                }
              ],
              "ip_family": "ipv4",
              "service_ipv4_cidr": "10.100.0.0/16",
              "service_ipv6_cidr": ""
            }
          ],
          "name": "my-cluster",
          "outpost_config": [],
          "platform_version": "eks.20",
          "remote_network_config": [],
          "role_arn": "arn:aws:iam::562364260873:role/eksClusterRole",
          "status": "ACTIVE",
          "storage_config": [],
          "tags": null,
          "tags_all": {},
          "timeouts": null,
          "upgrade_policy": [
            {
              "support_type": "EXTENDED"
            }
          ],
          "version": "1.31",
          "vpc_config": [
            {
              "cluster_security_group_id": "sg-0cadbad7d8f78db3a",
              "endpoint_private_access": false,
              "endpoint_public_access": true,
              "public_access_cidrs": [
                "0.0.0.0/0"
              ],
              "security_group_ids": null,
              "subnet_ids": [
                "subnet-b438defe",
                "subnet-c98c48b1"
              ],
              "vpc_id": "vpc-fe6a0186"
            }
          ],
          "zonal_shift_config": []
        }
      },
      "type": [
        "object",
        {
          "eks_info": [
            "object",
            {
              "access_config": [
                "list",
                [
                  "object",
                  {
                    "authentication_mode": "string",
                    "bootstrap_cluster_creator_admin_permissions": "bool"
                  }
                ]
              ],
              "arn": "string",
              "bootstrap_self_managed_addons": "bool",
              "certificate_authority": [
                "list",
                [
                  "object",
                  {
                    "data": "string"
                  }
                ]
              ],
              "cluster_id": "string",
              "compute_config": [
                "list",
                [
                  "object",
                  {
                    "enabled": "bool",
                    "node_pools": [
                      "set",
                      "string"
                    ],
                    "node_role_arn": "string"
                  }
                ]
              ],
              "created_at": "string",
              "enabled_cluster_log_types": [
                "set",
                "string"
              ],
              "encryption_config": [
                "list",
                [
                  "object",
                  {
                    "provider": [
                      "list",
                      [
                        "object",
                        {
                          "key_arn": "string"
                        }
                      ]
                    ],
                    "resources": [
                      "set",
                      "string"
                    ]
                  }
                ]
              ],
              "endpoint": "string",
              "id": "string",
              "identity": [
                "list",
                [
                  "object",
                  {
                    "oidc": [
                      "list",
                      [
                        "object",
                        {
                          "issuer": "string"
                        }
                      ]
                    ]
                  }
                ]
              ],
              "kubernetes_network_config": [
                "list",
                [
                  "object",
                  {
                    "elastic_load_balancing": [
                      "list",
                      [
                        "object",
                        {
                          "enabled": "bool"
                        }
                      ]
                    ],
                    "ip_family": "string",
                    "service_ipv4_cidr": "string",
                    "service_ipv6_cidr": "string"
                  }
                ]
              ],
              "name": "string",
              "outpost_config": [
                "list",
                [
                  "object",
                  {
                    "control_plane_instance_type": "string",
                    "control_plane_placement": [
                      "list",
                      [
                        "object",
                        {
                          "group_name": "string"
                        }
                      ]
                    ],
                    "outpost_arns": [
                      "set",
                      "string"
                    ]
                  }
                ]
              ],
              "platform_version": "string",
              "remote_network_config": [
                "list",
                [
                  "object",
                  {
                    "remote_node_networks": [
                      "list",
                      [
                        "object",
                        {
                          "cidrs": [
                            "set",
                            "string"
                          ]
                        }
                      ]
                    ],
                    "remote_pod_networks": [
                      "list",
                      [
                        "object",
                        {
                          "cidrs": [
                            "set",
                            "string"
                          ]
                        }
                      ]
                    ]
                  }
                ]
              ],
              "role_arn": "string",
              "status": "string",
              "storage_config": [
                "list",
                [
                  "object",
                  {
                    "block_storage": [
                      "list",
                      [
                        "object",
                        {
                          "enabled": "bool"
                        }
                      ]
                    ]
                  }
                ]
              ],
              "tags": [
                "map",
                "string"
              ],
              "tags_all": [
                "map",
                "string"
              ],
              "timeouts": [
                "object",
                {
                  "create": "string",
                  "delete": "string",
                  "update": "string"
                }
              ],
              "upgrade_policy": [
                "list",
                [
                  "object",
                  {
                    "support_type": "string"
                  }
                ]
              ],
              "version": "string",
              "vpc_config": [
                "list",
                [
                  "object",
                  {
                    "cluster_security_group_id": "string",
                    "endpoint_private_access": "bool",
                    "endpoint_public_access": "bool",
                    "public_access_cidrs": [
                      "set",
                      "string"
                    ],
                    "security_group_ids": [
                      "set",
                      "string"
                    ],
                    "subnet_ids": [
                      "set",
                      "string"
                    ],
                    "vpc_id": "string"
                  }
                ]
              ],
              "zonal_shift_config": [
                "list",
                [
                  "object",
                  {
                    "enabled": "bool"
                  }
                ]
              ]
            }
          ]
        }
      ]
    },
    "vpc_info": {
      "value": {
        "arn": "arn:aws:ec2:us-west-2:562364260873:vpc/vpc-fe6a0186",
        "cidr_block": "172.31.0.0/16",
        "cidr_block_associations": [
          {
            "association_id": "vpc-cidr-assoc-8debede7",
            "cidr_block": "172.31.0.0/16",
            "state": "associated"
          }
        ],
        "default": true,
        "dhcp_options_id": "dopt-b61373ce",
        "enable_dns_hostnames": true,
        "enable_dns_support": true,
        "enable_network_address_usage_metrics": false,
        "filter": null,
        "id": "vpc-fe6a0186",
        "instance_tenancy": "default",
        "ipv6_association_id": "",
        "ipv6_cidr_block": "",
        "main_route_table_id": "rtb-2cf8ad57",
        "owner_id": "562364260873",
        "state": null,
        "tags": {
          "Name": "default"
        },
        "timeouts": null
      },
      "type": [
        "object",
        {
          "arn": "string",
          "cidr_block": "string",
          "cidr_block_associations": [
            "list",
            [
              "object",
              {
                "association_id": "string",
                "cidr_block": "string",
                "state": "string"
              }
            ]
          ],
          "default": "bool",
          "dhcp_options_id": "string",
          "enable_dns_hostnames": "bool",
          "enable_dns_support": "bool",
          "enable_network_address_usage_metrics": "bool",
          "filter": [
            "set",
            [
              "object",
              {
                "name": "string",
                "values": [
                  "set",
                  "string"
                ]
              }
            ]
          ],
          "id": "string",
          "instance_tenancy": "string",
          "ipv6_association_id": "string",
          "ipv6_cidr_block": "string",
          "main_route_table_id": "string",
          "owner_id": "string",
          "state": "string",
          "tags": [
            "map",
            "string"
          ],
          "timeouts": [
            "object",
            {
              "read": "string"
            }
          ]
        }
      ]
    },
    "vpc_subnets_chosen": {
      "value": {
        "filter": [
          {
            "name": "vpc-id",
            "values": [
              "vpc-fe6a0186"
            ]
          }
        ],
        "id": "us-west-2",
        "ids": [
          "subnet-b438defe",
          "subnet-c98c48b1",
          "subnet-d7cc1b8a",
          "subnet-9eb4fbb5"
        ],
        "tags": null,
        "timeouts": null
      },
      "type": [
        "object",
        {
          "filter": [
            "set",
            [
              "object",
              {
                "name": "string",
                "values": [
                  "set",
                  "string"
                ]
              }
            ]
          ],
          "id": "string",
          "ids": [
            "list",
            "string"
          ],
          "tags": [
            "map",
            "string"
          ],
          "timeouts": [
            "object",
            {
              "read": "string"
            }
          ]
        }
      ]
    }
  },
  "resources": [
    {
      "mode": "data",
      "type": "aws_caller_identity",
      "name": "current",
      "provider": "provider[\"registry.terraform.io/hashicorp/aws\"]",
      "instances": [
        {
          "schema_version": 0,
          "attributes": {
            "account_id": "562364260873",
            "arn": "arn:aws:sts::562364260873:assumed-role/adminAccessRole/aws-go-sdk-1740967542821844000",
            "id": "562364260873",
            "user_id": "AROAYF34FUIEZ76DSSICW:aws-go-sdk-1740967542821844000"
          },
          "sensitive_attributes": []
        }
      ]
    },
    {
      "mode": "data",
      "type": "aws_subnets",
      "name": "this",
      "provider": "provider[\"registry.terraform.io/hashicorp/aws\"]",
      "instances": [
        {
          "schema_version": 0,
          "attributes": {
            "filter": [
              {
                "name": "vpc-id",
                "values": [
                  "vpc-fe6a0186"
                ]
              }
            ],
            "id": "us-west-2",
            "ids": [
              "subnet-b438defe",
              "subnet-c98c48b1",
              "subnet-d7cc1b8a",
              "subnet-9eb4fbb5"
            ],
            "tags": null,
            "timeouts": null
          },
          "sensitive_attributes": []
        }
      ]
    },
    {
      "mode": "data",
      "type": "aws_vpc",
      "name": "selected",
      "provider": "provider[\"registry.terraform.io/hashicorp/aws\"]",
      "instances": [
        {
          "schema_version": 0,
          "attributes": {
            "arn": "arn:aws:ec2:us-west-2:562364260873:vpc/vpc-fe6a0186",
            "cidr_block": "172.31.0.0/16",
            "cidr_block_associations": [
              {
                "association_id": "vpc-cidr-assoc-8debede7",
                "cidr_block": "172.31.0.0/16",
                "state": "associated"
              }
            ],
            "default": true,
            "dhcp_options_id": "dopt-b61373ce",
            "enable_dns_hostnames": true,
            "enable_dns_support": true,
            "enable_network_address_usage_metrics": false,
            "filter": null,
            "id": "vpc-fe6a0186",
            "instance_tenancy": "default",
            "ipv6_association_id": "",
            "ipv6_cidr_block": "",
            "main_route_table_id": "rtb-2cf8ad57",
            "owner_id": "562364260873",
            "state": null,
            "tags": {
              "Name": "default"
            },
            "timeouts": null
          },
          "sensitive_attributes": []
        }
      ]
    },
    {
      "module": "module.eks_cluster",
      "mode": "managed",
      "type": "aws_eks_cluster",
      "name": "eks",
      "provider": "module.eks_cluster.provider[\"registry.terraform.io/hashicorp/aws\"]",
      "instances": [
        {
          "schema_version": 1,
          "attributes": {
            "access_config": [
              {
                "authentication_mode": "CONFIG_MAP",
                "bootstrap_cluster_creator_admin_permissions": true
              }
            ],
            "arn": "arn:aws:eks:us-west-2:562364260873:cluster/my-cluster",
            "bootstrap_self_managed_addons": true,
            "certificate_authority": [
              {
                "data": "LS0tLS1CRUdJTiBDRVJUSUZJQ0FURS0tLS0tCk1JSURCVENDQWUyZ0F3SUJBZ0lJWlgvaWhhNytoVzB3RFFZSktvWklodmNOQVFFTEJRQXdGVEVUTUJFR0ExVUUKQXhNS2EzVmlaWEp1WlhSbGN6QWVGdzB5TlRBek1ETXdNakEyTURWYUZ3MHpOVEF6TURFd01qRXhNRFZhTUJVeApFekFSQmdOVkJBTVRDbXQxWW1WeWJtVjBaWE13Z2dFaU1BMEdDU3FHU0liM0RRRUJBUVVBQTRJQkR3QXdnZ0VLCkFvSUJBUURYUzJWcDFBQWZvY1N5dUJiOWE5YnplOWFMaVJYTlpDdUJYQ3FqeTA1YmVUNG1oU3ZSZjVGdEdNL0gKRXR1YXJ4YS9GNE1ZbVhGZTUzbXBjU3BoRXdRUVV4dWY4WjJNVkpGaEFoNDBwY2tYS0p6a21NTCtnNHZXczdXNApNMTU4OVBGenl3UTF1YjRsVVhaL3kwYllBZW9uanNtVzcrL1phN2NJajRmWW9uOWFYUENQaVlKaG0vbVFYakZNCml0U2RGMmtqUGswcmloS0d6aFdhcUxUSlVLQmtsWjdBczJBSkZVRlNTQ29mblR4RlVDN3RTSEg3QWVBdjJ1bWcKdVRKQ0tUUjNEek9VOXNROU9sRW9rSUZGU2RETmo4dlB2TWVUemgzcE5ZaDVvNVdXSnNUVkI4WC9UdTBWSmVVYwp4cm1FWnFaL0sydzlqS0lPVVY4NWRMV2ZqbnBuQWdNQkFBR2pXVEJYTUE0R0ExVWREd0VCL3dRRUF3SUNwREFQCkJnTlZIUk1CQWY4RUJUQURBUUgvTUIwR0ExVWREZ1FXQkJRSVFtek9ZZkZkdUVXZFlQM3lKeTNqendtVVlEQVYKQmdOVkhSRUVEakFNZ2dwcmRXSmxjbTVsZEdWek1BMEdDU3FHU0liM0RRRUJDd1VBQTRJQkFRQVVCRXJGOWF4MgpETFlJMzBnazdOL2lONm8razRtYlNDMVBEZlY2M1pFeFFSeHRXZ1lhcnJHaXZlYmo4c00yaVNDclZsVFRuMDd6Cnp0YkJUN2xvU0EvTS9zR3hXZ0hZUHE2bHVzV1E1ZkZnUzNDeVFPbjZBSWRSSjFyYi83cmVQWGdPUkE2WGVGU3IKQzYyL2s1U2ZieElWSklOSmFEMWtNSWU5Zm1ZMm5tdWs2c0R5dENtOVVaZkk0UytaSkF5akd5dHBaNys4TkFieQptZklBcVI2RkRvZktZZE9hYkJXT0xSeUxlOHJNWmlDODczaDRKV3dkY2xUZmpVNkRRV0xxcFpMTHpCSkFMRTc1CjJjMzVCenBpWllOblZRSmkzSVFyS2t3Zm5mTHBUdDYrdHM5WitFSGU0K0VEV1Z6OWtpOC84amx6RXVmOEU1MUQKbWdiUnpWL2tqdmpXCi0tLS0tRU5EIENFUlRJRklDQVRFLS0tLS0K"
              }
            ],
            "cluster_id": null,
            "compute_config": [],
            "created_at": "2025-03-03T02:05:57Z",
            "enabled_cluster_log_types": null,
            "encryption_config": [],
            "endpoint": "https://E910054F7722243D2F1C357540B067D6.gr7.us-west-2.eks.amazonaws.com",
            "id": "my-cluster",
            "identity": [
              {
                "oidc": [
                  {
                    "issuer": "https://oidc.eks.us-west-2.amazonaws.com/id/E910054F7722243D2F1C357540B067D6"
                  }
                ]
              }
            ],
            "kubernetes_network_config": [
              {
                "elastic_load_balancing": [
                  {
                    "enabled": false
                  }
                ],
                "ip_family": "ipv4",
                "service_ipv4_cidr": "10.100.0.0/16",
                "service_ipv6_cidr": ""
              }
            ],
            "name": "my-cluster",
            "outpost_config": [],
            "platform_version": "eks.20",
            "remote_network_config": [],
            "role_arn": "arn:aws:iam::562364260873:role/eksClusterRole",
            "status": "ACTIVE",
            "storage_config": [],
            "tags": null,
            "tags_all": {},
            "timeouts": null,
            "upgrade_policy": [
              {
                "support_type": "EXTENDED"
              }
            ],
            "version": "1.31",
            "vpc_config": [
              {
                "cluster_security_group_id": "sg-0cadbad7d8f78db3a",
                "endpoint_private_access": false,
                "endpoint_public_access": true,
                "public_access_cidrs": [
                  "0.0.0.0/0"
                ],
                "security_group_ids": null,
                "subnet_ids": [
                  "subnet-b438defe",
                  "subnet-c98c48b1"
                ],
                "vpc_id": "vpc-fe6a0186"
              }
            ],
            "zonal_shift_config": []
          },
          "sensitive_attributes": [],
          "private": "eyJlMmJmYjczMC1lY2FhLTExZTYtOGY4OC0zNDM2M2JjN2M0YzAiOnsiY3JlYXRlIjoxODAwMDAwMDAwMDAwLCJkZWxldGUiOjkwMDAwMDAwMDAwMCwidXBkYXRlIjozNjAwMDAwMDAwMDAwfSwic2NoZW1hX3ZlcnNpb24iOiIxIn0=",
          "dependencies": [
            "module.eks_cluster.aws_iam_role.eks_cluster_role"
          ]
        }
      ]
    },
    {
      "module": "module.eks_cluster",
      "mode": "managed",
      "type": "aws_eks_node_group",
      "name": "eks_nodes",
      "provider": "module.eks_cluster.provider[\"registry.terraform.io/hashicorp/aws\"]",
      "instances": [
        {
          "schema_version": 0,
          "attributes": {
            "ami_type": "AL2023_x86_64_STANDARD",
            "arn": "arn:aws:eks:us-west-2:562364260873:nodegroup/my-cluster/eks-node-group/c8caace3-7ef0-e63a-5eba-2977ca36b5d9",
            "capacity_type": "ON_DEMAND",
            "cluster_name": "my-cluster",
            "disk_size": 20,
            "force_update_version": null,
            "id": "my-cluster:eks-node-group",
            "instance_types": [
              "t3.medium"
            ],
            "labels": null,
            "launch_template": [],
            "node_group_name": "eks-node-group",
            "node_group_name_prefix": "",
            "node_repair_config": [],
            "node_role_arn": "arn:aws:iam::562364260873:role/eksNodeRole",
            "release_version": "1.31.5-20250228",
            "remote_access": [],
            "resources": [
              {
                "autoscaling_groups": [
                  {
                    "name": "eks-eks-node-group-c8caace3-7ef0-e63a-5eba-2977ca36b5d9"
                  }
                ],
                "remote_access_security_group_id": ""
              }
            ],
            "scaling_config": [
              {
                "desired_size": 1,
                "max_size": 2,
                "min_size": 1
              }
            ],
            "status": "ACTIVE",
            "subnet_ids": [
              "subnet-b438defe",
              "subnet-c98c48b1"
            ],
            "tags": null,
            "tags_all": {},
            "taint": [],
            "timeouts": null,
            "update_config": [
              {
                "max_unavailable": 1,
                "max_unavailable_percentage": 0
              }
            ],
            "version": "1.31"
          },
          "sensitive_attributes": [],
          "private": "eyJlMmJmYjczMC1lY2FhLTExZTYtOGY4OC0zNDM2M2JjN2M0YzAiOnsiY3JlYXRlIjozNjAwMDAwMDAwMDAwLCJkZWxldGUiOjM2MDAwMDAwMDAwMDAsInVwZGF0ZSI6MzYwMDAwMDAwMDAwMH19",
          "dependencies": [
            "module.eks_cluster.aws_eks_cluster.eks",
            "module.eks_cluster.aws_iam_role.eks_cluster_role",
            "module.eks_cluster.aws_iam_role.eks_node_role"
          ]
        }
      ]
    },
    {
      "module": "module.eks_cluster",
      "mode": "managed",
      "type": "aws_iam_role",
      "name": "eks_cluster_role",
      "provider": "module.eks_cluster.provider[\"registry.terraform.io/hashicorp/aws\"]",
      "instances": [
        {
          "schema_version": 0,
          "attributes": {
            "arn": "arn:aws:iam::562364260873:role/eksClusterRole",
            "assume_role_policy": "{\"Statement\":[{\"Action\":\"sts:AssumeRole\",\"Effect\":\"Allow\",\"Principal\":{\"Service\":\"eks.amazonaws.com\"}}],\"Version\":\"2012-10-17\"}",
            "create_date": "2025-03-03T02:05:55Z",
            "description": "",
            "force_detach_policies": false,
            "id": "eksClusterRole",
            "inline_policy": [],
            "managed_policy_arns": [],
            "max_session_duration": 3600,
            "name": "eksClusterRole",
            "name_prefix": "",
            "path": "/",
            "permissions_boundary": "",
            "tags": null,
            "tags_all": {},
            "unique_id": "AROAYF34FUIEVDLUUPM3C"
          },
          "sensitive_attributes": [],
          "private": "bnVsbA=="
        }
      ]
    },
    {
      "module": "module.eks_cluster",
      "mode": "managed",
      "type": "aws_iam_role",
      "name": "eks_console_access",
      "provider": "module.eks_cluster.provider[\"registry.terraform.io/hashicorp/aws\"]",
      "instances": [
        {
          "schema_version": 0,
          "attributes": {
            "arn": "arn:aws:iam::562364260873:role/eksConsoleAccessRole",
            "assume_role_policy": "{\"Statement\":[{\"Action\":\"sts:AssumeRole\",\"Effect\":\"Allow\",\"Principal\":{\"AWS\":\"arn:aws:iam::562364260873:root\"}}],\"Version\":\"2012-10-17\"}",
            "create_date": "2025-03-03T02:05:55Z",
            "description": "",
            "force_detach_policies": false,
            "id": "eksConsoleAccessRole",
            "inline_policy": [],
            "managed_policy_arns": [],
            "max_session_duration": 3600,
            "name": "eksConsoleAccessRole",
            "name_prefix": "",
            "path": "/",
            "permissions_boundary": "",
            "tags": null,
            "tags_all": {},
            "unique_id": "AROAYF34FUIE3U2UCTWOC"
          },
          "sensitive_attributes": [],
          "private": "bnVsbA=="
        }
      ]
    },
    {
      "module": "module.eks_cluster",
      "mode": "managed",
      "type": "aws_iam_role",
      "name": "eks_node_role",
      "provider": "module.eks_cluster.provider[\"registry.terraform.io/hashicorp/aws\"]",
      "instances": [
        {
          "schema_version": 0,
          "attributes": {
            "arn": "arn:aws:iam::562364260873:role/eksNodeRole",
            "assume_role_policy": "{\"Statement\":[{\"Action\":\"sts:AssumeRole\",\"Effect\":\"Allow\",\"Principal\":{\"Service\":\"ec2.amazonaws.com\"}}],\"Version\":\"2012-10-17\"}",
            "create_date": "2025-03-03T02:05:55Z",
            "description": "",
            "force_detach_policies": false,
            "id": "eksNodeRole",
            "inline_policy": [],
            "managed_policy_arns": [],
            "max_session_duration": 3600,
            "name": "eksNodeRole",
            "name_prefix": "",
            "path": "/",
            "permissions_boundary": "",
            "tags": null,
            "tags_all": {},
            "unique_id": "AROAYF34FUIEUB7UN2T2C"
          },
          "sensitive_attributes": [],
          "private": "bnVsbA=="
        }
      ]
    },
    {
      "module": "module.eks_cluster",
      "mode": "managed",
      "type": "aws_iam_role_policy_attachment",
      "name": "ec2_container_registry",
      "provider": "module.eks_cluster.provider[\"registry.terraform.io/hashicorp/aws\"]",
      "instances": [
        {
          "schema_version": 0,
          "attributes": {
            "id": "eksNodeRole-20250303020556224100000003",
            "policy_arn": "arn:aws:iam::aws:policy/AmazonEC2ContainerRegistryReadOnly",
            "role": "eksNodeRole"
          },
          "sensitive_attributes": [],
          "private": "bnVsbA==",
          "dependencies": [
            "module.eks_cluster.aws_iam_role.eks_node_role"
          ]
        }
      ]
    },
    {
      "module": "module.eks_cluster",
      "mode": "managed",
      "type": "aws_iam_role_policy_attachment",
      "name": "eks_cluster_policy",
      "provider": "module.eks_cluster.provider[\"registry.terraform.io/hashicorp/aws\"]",
      "instances": [
        {
          "schema_version": 0,
          "attributes": {
            "id": "eksClusterRole-20250303020556221000000002",
            "policy_arn": "arn:aws:iam::aws:policy/AmazonEKSClusterPolicy",
            "role": "eksClusterRole"
          },
          "sensitive_attributes": [],
          "private": "bnVsbA==",
          "dependencies": [
            "module.eks_cluster.aws_iam_role.eks_cluster_role"
          ]
        }
      ]
    },
    {
      "module": "module.eks_cluster",
      "mode": "managed",
      "type": "aws_iam_role_policy_attachment",
      "name": "eks_cni_policy",
      "provider": "module.eks_cluster.provider[\"registry.terraform.io/hashicorp/aws\"]",
      "instances": [
        {
          "schema_version": 0,
          "attributes": {
            "id": "eksNodeRole-20250303020556373400000005",
            "policy_arn": "arn:aws:iam::aws:policy/AmazonEKS_CNI_Policy",
            "role": "eksNodeRole"
          },
          "sensitive_attributes": [],
          "private": "bnVsbA==",
          "dependencies": [
            "module.eks_cluster.aws_iam_role.eks_node_role"
          ]
        }
      ]
    },
    {
      "module": "module.eks_cluster",
      "mode": "managed",
      "type": "aws_iam_role_policy_attachment",
      "name": "eks_console_policy",
      "provider": "module.eks_cluster.provider[\"registry.terraform.io/hashicorp/aws\"]",
      "instances": [
        {
          "schema_version": 0,
          "attributes": {
            "id": "eksConsoleAccessRole-20250303020556370200000004",
            "policy_arn": "arn:aws:iam::aws:policy/AmazonEKSClusterPolicy",
            "role": "eksConsoleAccessRole"
          },
          "sensitive_attributes": [],
          "private": "bnVsbA==",
          "dependencies": [
            "module.eks_cluster.aws_iam_role.eks_console_access"
          ]
        }
      ]
    },
    {
      "module": "module.eks_cluster",
      "mode": "managed",
      "type": "aws_iam_role_policy_attachment",
      "name": "eks_worker_node_policy",
      "provider": "module.eks_cluster.provider[\"registry.terraform.io/hashicorp/aws\"]",
      "instances": [
        {
          "schema_version": 0,
          "attributes": {
            "id": "eksNodeRole-20250303020556221000000001",
            "policy_arn": "arn:aws:iam::aws:policy/AmazonEKSWorkerNodePolicy",
            "role": "eksNodeRole"
          },
          "sensitive_attributes": [],
          "private": "bnVsbA==",
          "dependencies": [
            "module.eks_cluster.aws_iam_role.eks_node_role"
          ]
        }
      ]
    }
  ],
  "check_results": null
}
